
Microsoft Visual Studio Solution File, Format Version 12.00
# Visual Studio Version 16
VisualStudioVersion = 16.0.29806.167
MinimumVisualStudioVersion = 10.0.40219.1
Project("{9A19103F-16F7-4668-BE54-9A1E7A4F7556}") = "Vikekh.Citronol.Server", "src\Vikekh.Citronol.Server\Vikekh.Citronol.Server.csproj", "{A991F286-A29F-4710-9925-2A336D7E504E}"
EndProject
Project("{9A19103F-16F7-4668-BE54-9A1E7A4F7556}") = "Vikekh.Citronol.Client", "src\Vikekh.Citronol.Client\Vikekh.Citronol.Client.csproj", "{ADD771E8-1BE5-49DA-BD2A-AC00857AB0F3}"
EndProject
Project("{9A19103F-16F7-4668-BE54-9A1E7A4F7556}") = "Vikekh.Citronol.Shared", "src\Vikekh.Citronol.Shared\Vikekh.Citronol.Shared.csproj", "{893FC496-D1B7-408A-A404-B4F2514BACC7}"
EndProject
Project("{2150E333-8FDC-42A3-9474-1A3956D46DE8}") = "src", "src", "{A526289B-44CF-4183-A063-7ED0096B30EC}"
EndProject
Project("{2150E333-8FDC-42A3-9474-1A3956D46DE8}") = "Solution Items", "Solution Items", "{C5C44966-FC34-4A65-A5AB-806B525ED94C}"
	ProjectSection(SolutionItems) = preProject
		.editorconfig = .editorconfig
		.gitignore = .gitignore
		LICENSE = LICENSE
		README.md = README.md
	EndProjectSection
EndProject
Global
	GlobalSection(SolutionConfigurationPlatforms) = preSolution
		Debug|Any CPU = Debug|Any CPU
		Release|Any CPU = Release|Any CPU
	EndGlobalSection
	GlobalSection(ProjectConfigurationPlatforms) = postSolution
		{A991F286-A29F-4710-9925-2A336D7E504E}.Debug|Any CPU.ActiveCfg = Debug|Any CPU
		{A991F286-A29F-4710-9925-2A336D7E504E}.Debug|Any CPU.Build.0 = Debug|Any CPU
		{A991F286-A29F-4710-9925-2A336D7E504E}.Release|Any CPU.ActiveCfg = Release|Any CPU
		{A991F286-A29F-4710-9925-2A336D7E504E}.Release|Any CPU.Build.0 = Release|Any CPU
		{ADD771E8-1BE5-49DA-BD2A-AC00857AB0F3}.Debug|Any CPU.ActiveCfg = Debug|Any CPU
		{ADD771E8-1BE5-49DA-BD2A-AC00857AB0F3}.Debug|Any CPU.Build.0 = Debug|Any CPU
		{ADD771E8-1BE5-49DA-BD2A-AC00857AB0F3}.Release|Any CPU.ActiveCfg = Release|Any CPU
		{ADD771E8-1BE5-49DA-BD2A-AC00857AB0F3}.Release|Any CPU.Build.0 = Release|Any CPU
		{893FC496-D1B7-408A-A404-B4F2514BACC7}.Debug|Any CPU.ActiveCfg = Debug|Any CPU
		{893FC496-D1B7-408A-A404-B4F2514BACC7}.Debug|Any CPU.Build.0 = Debug|Any CPU
		{893FC496-D1B7-408A-A404-B4F2514BACC7}.Release|Any CPU.ActiveCfg = Release|Any CPU
		{893FC496-D1B7-408A-A404-B4F2514BACC7}.Release|Any CPU.Build.0 = Release|Any CPU
	EndGlobalSection
	GlobalSection(SolutionProperties) = preSolution
		HideSolutionNode = FALSE
	EndGlobalSection
	GlobalSection(NestedProjects) = preSolution
		{A991F286-A29F-4710-9925-2A336D7E504E} = {A526289B-44CF-4183-A063-7ED0096B30EC}
		{ADD771E8-1BE5-49DA-BD2A-AC00857AB0F3} = {A526289B-44CF-4183-A063-7ED0096B30EC}
		{893FC496-D1B7-408A-A404-B4F2514BACC7} = {A526289B-44CF-4183-A063-7ED0096B30EC}
	EndGlobalSection
	GlobalSection(ExtensibilityGlobals) = postSolution
		SolutionGuid = {2A6F82BC-F67F-40CD-AA76-ED32A5403BDD}
	EndGlobalSection
EndGlobal
