
Microsoft Visual Studio Solution File, Format Version 12.00
# Visual Studio Version 16
VisualStudioVersion = 16.0.29806.167
MinimumVisualStudioVersion = 10.0.40219.1
Project("{FAE04EC0-301F-11D3-BF4B-00C04F79EFBC}") = "Vikekh.Citronol.Client", "src\Vikekh.Citronol.Client\Vikekh.Citronol.Client.csproj", "{AFF9213D-8246-41B1-A92A-6132EB6A918C}"
EndProject
Project("{FAE04EC0-301F-11D3-BF4B-00C04F79EFBC}") = "Vikekh.Citronol.Api", "src\Vikekh.Citronol.Api\Vikekh.Citronol.Api.csproj", "{76C4742B-06B7-4F06-80CC-04063EB1FA92}"
EndProject
Project("{2150E333-8FDC-42A3-9474-1A3956D46DE8}") = "src", "src", "{D07087E8-3A33-45EC-AD34-639F36F8D1CF}"
EndProject
Project("{2150E333-8FDC-42A3-9474-1A3956D46DE8}") = "Solution Items", "Solution Items", "{D50AB4BD-CAC8-43DD-884D-BE3D7FA688AF}"
	ProjectSection(SolutionItems) = preProject
		..\.editorconfig = ..\.editorconfig
		..\.gitignore = ..\.gitignore
		..\LICENSE = ..\LICENSE
		..\README.md = ..\README.md
	EndProjectSection
EndProject
Global
	GlobalSection(SolutionConfigurationPlatforms) = preSolution
		Debug|Any CPU = Debug|Any CPU
		Release|Any CPU = Release|Any CPU
	EndGlobalSection
	GlobalSection(ProjectConfigurationPlatforms) = postSolution
		{AFF9213D-8246-41B1-A92A-6132EB6A918C}.Debug|Any CPU.ActiveCfg = Debug|Any CPU
		{AFF9213D-8246-41B1-A92A-6132EB6A918C}.Debug|Any CPU.Build.0 = Debug|Any CPU
		{AFF9213D-8246-41B1-A92A-6132EB6A918C}.Release|Any CPU.ActiveCfg = Release|Any CPU
		{AFF9213D-8246-41B1-A92A-6132EB6A918C}.Release|Any CPU.Build.0 = Release|Any CPU
		{76C4742B-06B7-4F06-80CC-04063EB1FA92}.Debug|Any CPU.ActiveCfg = Debug|Any CPU
		{76C4742B-06B7-4F06-80CC-04063EB1FA92}.Debug|Any CPU.Build.0 = Debug|Any CPU
		{76C4742B-06B7-4F06-80CC-04063EB1FA92}.Release|Any CPU.ActiveCfg = Release|Any CPU
		{76C4742B-06B7-4F06-80CC-04063EB1FA92}.Release|Any CPU.Build.0 = Release|Any CPU
	EndGlobalSection
	GlobalSection(SolutionProperties) = preSolution
		HideSolutionNode = FALSE
	EndGlobalSection
	GlobalSection(NestedProjects) = preSolution
		{AFF9213D-8246-41B1-A92A-6132EB6A918C} = {D07087E8-3A33-45EC-AD34-639F36F8D1CF}
		{76C4742B-06B7-4F06-80CC-04063EB1FA92} = {D07087E8-3A33-45EC-AD34-639F36F8D1CF}
	EndGlobalSection
	GlobalSection(ExtensibilityGlobals) = postSolution
		SolutionGuid = {D748EB43-89B5-4FB7-8BF3-555D534310C5}
	EndGlobalSection
EndGlobal
